<?xml version="1.0" encoding="UTF-8"?>
<Scheme
   version = "1.3">
   <BuildAction>
      <BuildActionEntries>
         <BuildActionEntry
            buildForRunning = "YES">
            <BuildableReference
               BuildableIdentifier = "primary"
               BlueprintIdentifier = "7A4035FE19DDEE84007B6E8F"
               BuildableName = "LeftHanded Mac.app"
               BlueprintName = "LeftHanded Mac"
               ReferencedContainer = "container:LeftHanded.xcodeproj">
            </BuildableReference>
         </BuildActionEntry>
      </BuildActionEntries>
   </BuildAction>
   <LaunchAction
      useCustomWorkingDirectory = "NO"
      buildConfiguration = "Debug">
      <BuildableProductRunnable>
         <BuildableReference
            BuildableIdentifier = "primary"
            BlueprintIdentifier = "7A4035FE19DDEE84007B6E8F"
            BuildableName = "LeftHanded Mac.app"
            BlueprintName = "LeftHanded Mac"
            ReferencedContainer = "container:LeftHanded.xcodeproj">
         </BuildableReference>
      </BuildableProductRunnable>
   </LaunchAction>
</Scheme>
